
Microsoft Visual Studio Solution File, Format Version 12.00
# Visual Studio Version 16
VisualStudioVersion = 16.0.30503.244
MinimumVisualStudioVersion = 10.0.40219.1
Project("{FAE04EC0-301F-11D3-BF4B-00C04F79EFBC}") = "EmployeePayroll-RestApi", "EmployeePayroll-RestApi\EmployeePayroll-RestApi.csproj", "{F9AD2CAA-CB5A-4874-9A9E-FC3FA311ECFA}"
EndProject
Project("{FAE04EC0-301F-11D3-BF4B-00C04F79EFBC}") = "UnitTest", "UnitTest\UnitTest.csproj", "{647CD523-89F9-4E2A-B020-0B0CF66DF293}"
EndProject
Global
	GlobalSection(SolutionConfigurationPlatforms) = preSolution
		Debug|Any CPU = Debug|Any CPU
		Release|Any CPU = Release|Any CPU
	EndGlobalSection
	GlobalSection(ProjectConfigurationPlatforms) = postSolution
		{F9AD2CAA-CB5A-4874-9A9E-FC3FA311ECFA}.Debug|Any CPU.ActiveCfg = Debug|Any CPU
		{F9AD2CAA-CB5A-4874-9A9E-FC3FA311ECFA}.Debug|Any CPU.Build.0 = Debug|Any CPU
		{F9AD2CAA-CB5A-4874-9A9E-FC3FA311ECFA}.Release|Any CPU.ActiveCfg = Release|Any CPU
		{F9AD2CAA-CB5A-4874-9A9E-FC3FA311ECFA}.Release|Any CPU.Build.0 = Release|Any CPU
		{647CD523-89F9-4E2A-B020-0B0CF66DF293}.Debug|Any CPU.ActiveCfg = Debug|Any CPU
		{647CD523-89F9-4E2A-B020-0B0CF66DF293}.Debug|Any CPU.Build.0 = Debug|Any CPU
		{647CD523-89F9-4E2A-B020-0B0CF66DF293}.Release|Any CPU.ActiveCfg = Release|Any CPU
		{647CD523-89F9-4E2A-B020-0B0CF66DF293}.Release|Any CPU.Build.0 = Release|Any CPU
	EndGlobalSection
	GlobalSection(SolutionProperties) = preSolution
		HideSolutionNode = FALSE
	EndGlobalSection
	GlobalSection(ExtensibilityGlobals) = postSolution
		SolutionGuid = {D36D8D69-464B-4E2E-8FD9-0F87E86F9521}
	EndGlobalSection
EndGlobal
